
Microsoft Visual Studio Solution File, Format Version 12.00
# Visual Studio 15
VisualStudioVersion = 15.0.26228.10
MinimumVisualStudioVersion = 10.0.40219.1
Project("{FAE04EC0-301F-11D3-BF4B-00C04F79EFBC}") = "Forex", "Forex\Forex.csproj", "{87AF3C96-23F4-4927-B582-7C837E01111F}"
EndProject
Project("{FAE04EC0-301F-11D3-BF4B-00C04F79EFBC}") = "Common", "Common\Common.csproj", "{029DB0E6-B418-4755-8F93-5C42E668577A}"
EndProject
Project("{FAE04EC0-301F-11D3-BF4B-00C04F79EFBC}") = "Bittrex", "Bittrex\Bittrex.csproj", "{C7F9A7BA-BCC6-44AB-83C2-8AF1F8352659}"
EndProject
Project("{FAE04EC0-301F-11D3-BF4B-00C04F79EFBC}") = "RecipientData", "RecipientData\RecipientData.csproj", "{5531E8B8-5B4A-4DCE-815D-3B9F3FDEF38F}"
EndProject
Project("{FAE04EC0-301F-11D3-BF4B-00C04F79EFBC}") = "DAL", "DAL\DAL.csproj", "{38893287-3C61-4444-88F8-F79AA820456C}"
EndProject
Project("{FAE04EC0-301F-11D3-BF4B-00C04F79EFBC}") = "Enums", "Enums\Enums.csproj", "{C09A3C16-1EA5-4F58-9B8C-F10B462F9EDD}"
EndProject
Project("{FAE04EC0-301F-11D3-BF4B-00C04F79EFBC}") = "Bittrex.Core", "Bittrex.Core\Bittrex.Core.csproj", "{891EB15E-E8E2-40D6-AB86-065FB4D19CF5}"
EndProject
Project("{FAE04EC0-301F-11D3-BF4B-00C04F79EFBC}") = "Common.Tests", "Common.Tests\Common.Tests.csproj", "{FA6B9B76-29E4-4F45-AA5E-15703A9E2F91}"
EndProject
Global
	GlobalSection(SolutionConfigurationPlatforms) = preSolution
		Debug|Any CPU = Debug|Any CPU
		Release|Any CPU = Release|Any CPU
	EndGlobalSection
	GlobalSection(ProjectConfigurationPlatforms) = postSolution
		{87AF3C96-23F4-4927-B582-7C837E01111F}.Debug|Any CPU.ActiveCfg = Debug|Any CPU
		{87AF3C96-23F4-4927-B582-7C837E01111F}.Debug|Any CPU.Build.0 = Debug|Any CPU
		{87AF3C96-23F4-4927-B582-7C837E01111F}.Release|Any CPU.ActiveCfg = Release|Any CPU
		{87AF3C96-23F4-4927-B582-7C837E01111F}.Release|Any CPU.Build.0 = Release|Any CPU
		{029DB0E6-B418-4755-8F93-5C42E668577A}.Debug|Any CPU.ActiveCfg = Debug|Any CPU
		{029DB0E6-B418-4755-8F93-5C42E668577A}.Debug|Any CPU.Build.0 = Debug|Any CPU
		{029DB0E6-B418-4755-8F93-5C42E668577A}.Release|Any CPU.ActiveCfg = Release|Any CPU
		{029DB0E6-B418-4755-8F93-5C42E668577A}.Release|Any CPU.Build.0 = Release|Any CPU
		{C7F9A7BA-BCC6-44AB-83C2-8AF1F8352659}.Debug|Any CPU.ActiveCfg = Debug|Any CPU
		{C7F9A7BA-BCC6-44AB-83C2-8AF1F8352659}.Debug|Any CPU.Build.0 = Debug|Any CPU
		{C7F9A7BA-BCC6-44AB-83C2-8AF1F8352659}.Release|Any CPU.ActiveCfg = Release|Any CPU
		{C7F9A7BA-BCC6-44AB-83C2-8AF1F8352659}.Release|Any CPU.Build.0 = Release|Any CPU
		{5531E8B8-5B4A-4DCE-815D-3B9F3FDEF38F}.Debug|Any CPU.ActiveCfg = Debug|Any CPU
		{5531E8B8-5B4A-4DCE-815D-3B9F3FDEF38F}.Debug|Any CPU.Build.0 = Debug|Any CPU
		{5531E8B8-5B4A-4DCE-815D-3B9F3FDEF38F}.Release|Any CPU.ActiveCfg = Release|Any CPU
		{5531E8B8-5B4A-4DCE-815D-3B9F3FDEF38F}.Release|Any CPU.Build.0 = Release|Any CPU
		{38893287-3C61-4444-88F8-F79AA820456C}.Debug|Any CPU.ActiveCfg = Debug|Any CPU
		{38893287-3C61-4444-88F8-F79AA820456C}.Debug|Any CPU.Build.0 = Debug|Any CPU
		{38893287-3C61-4444-88F8-F79AA820456C}.Release|Any CPU.ActiveCfg = Release|Any CPU
		{38893287-3C61-4444-88F8-F79AA820456C}.Release|Any CPU.Build.0 = Release|Any CPU
		{C09A3C16-1EA5-4F58-9B8C-F10B462F9EDD}.Debug|Any CPU.ActiveCfg = Debug|Any CPU
		{C09A3C16-1EA5-4F58-9B8C-F10B462F9EDD}.Debug|Any CPU.Build.0 = Debug|Any CPU
		{C09A3C16-1EA5-4F58-9B8C-F10B462F9EDD}.Release|Any CPU.ActiveCfg = Release|Any CPU
		{C09A3C16-1EA5-4F58-9B8C-F10B462F9EDD}.Release|Any CPU.Build.0 = Release|Any CPU
		{891EB15E-E8E2-40D6-AB86-065FB4D19CF5}.Debug|Any CPU.ActiveCfg = Debug|Any CPU
		{891EB15E-E8E2-40D6-AB86-065FB4D19CF5}.Debug|Any CPU.Build.0 = Debug|Any CPU
		{891EB15E-E8E2-40D6-AB86-065FB4D19CF5}.Release|Any CPU.ActiveCfg = Release|Any CPU
		{891EB15E-E8E2-40D6-AB86-065FB4D19CF5}.Release|Any CPU.Build.0 = Release|Any CPU
		{FA6B9B76-29E4-4F45-AA5E-15703A9E2F91}.Debug|Any CPU.ActiveCfg = Debug|Any CPU
		{FA6B9B76-29E4-4F45-AA5E-15703A9E2F91}.Debug|Any CPU.Build.0 = Debug|Any CPU
		{FA6B9B76-29E4-4F45-AA5E-15703A9E2F91}.Release|Any CPU.ActiveCfg = Release|Any CPU
		{FA6B9B76-29E4-4F45-AA5E-15703A9E2F91}.Release|Any CPU.Build.0 = Release|Any CPU
	EndGlobalSection
	GlobalSection(SolutionProperties) = preSolution
		HideSolutionNode = FALSE
	EndGlobalSection
EndGlobal
